# Generated by buf. DO NOT EDIT.
version: v2
deps:
  - name: buf.build/bufbuild/protovalidate
    commit: 50325440f8f24053b047484a6bf60b76
    digest: b5:74cb6f5c0853c3c10aafc701614194bbd63326bdb8ef4068214454b8894b03ba4113e04b3a33a8321cdf05336e37db4dc14a5e2495db8462566914f36086ba31
  - name: buf.build/routers/api
    commit: 1b9bb034fd0c46928c6650bf4eb0784a
    digest: b5:90b3b963761ccccdd334622411e53a045898b9aa81df699e0b4948a9bef96de7cb0bae2f09dc28e05679b8cfcfe628cd0cda1361faff8106feb211d8a578bd1f
